Microsoft Visual Studio Solution File, Format Version 12.00
# Visual Studio Version 17
VisualStudioVersion = 17.5.2.0
MinimumVisualStudioVersion = 10.0.40219.1
Project("{FAE04EC0-301F-11D3-BF4B-00C04F79EFBC}") = "HousesApi", "HousesApi.csproj", "{310F83EB-2C81-3B7D-5620-137AB3E62343}"
EndProject
Global
	GlobalSection(SolutionConfigurationPlatforms) = preSolution
		Debug|Any CPU = Debug|Any CPU
		Release|Any CPU = Release|Any CPU
	EndGlobalSection
	GlobalSection(ProjectConfigurationPlatforms) = postSolution
		{310F83EB-2C81-3B7D-5620-137AB3E62343}.Debug|Any CPU.ActiveCfg = Debug|Any CPU
		{310F83EB-2C81-3B7D-5620-137AB3E62343}.Debug|Any CPU.Build.0 = Debug|Any CPU
		{310F83EB-2C81-3B7D-5620-137AB3E62343}.Release|Any CPU.ActiveCfg = Release|Any CPU
		{310F83EB-2C81-3B7D-5620-137AB3E62343}.Release|Any CPU.Build.0 = Release|Any CPU
	EndGlobalSection
	GlobalSection(SolutionProperties) = preSolution
		HideSolutionNode = FALSE
	EndGlobalSection
	GlobalSection(ExtensibilityGlobals) = postSolution
		SolutionGuid = {22DE8386-B16A-415C-8A38-0C4701DC02D0}
	EndGlobalSection
EndGlobal
